<?xml version="1.0" encoding="utf-8"?>
<Project ToolsVersion="4.0" xmlns="http://schemas.microsoft.com/developer/msbuild/2003">
  <ItemGroup>
    <Filter Include="Source Files">
      <UniqueIdentifier>{715c4d5d-33b5-4268-b3db-4e0d8f4102b2}</UniqueIdentifier>
      <Extensions>cpp;c;cxx;def;odl;idl;hpj;bat;asm</Extensions>
    </Filter>
    <Filter Include="Header Files">
      <UniqueIdentifier>{c0c2d5c2-7078-4a59-8cf7-9866d971d326}</UniqueIdentifier>
      <Extensions>h;hpp;hxx;hm;inl;inc</Extensions>
    </Filter>
    <Filter Include="Resource Files">
      <UniqueIdentifier>{dd26eacd-4ba9-44e1-95c3-072bca16eeb4}</UniqueIdentifier>
      <Extensions>rc;ico;cur;bmp;dlg;rc2;rct;bin;rgs;jpg;jpeg;jpe;manifest</Extensions>
    </Filter>
  </ItemGroup>
  <ItemGroup>
    <ClCompile Include="ColorComboEx.cpp">
      <Filter>Source Files</Filter>
    </ClCompile>
    <ClCompile Include="CPUData.cpp">
      <Filter>Source Files</Filter>
    </ClCompile>
    <ClCompile Include="CPUID.CPP">
      <Filter>Source Files</Filter>
    </ClCompile>
    <ClCompile Include="CPUOptions.cpp">
      <Filter>Source Files</Filter>
    </ClCompile>
    <ClCompile Include="CPUSpeed.cpp">
      <Filter>Source Files</Filter>
    </ClCompile>
    <ClCompile Include="GeneralOptions.cpp">
      <Filter>Source Files</Filter>
    </ClCompile>
    <ClCompile Include="HTSpeed.cpp">
      <Filter>Source Files</Filter>
    </ClCompile>
    <ClCompile Include="HyperLink.cpp">
      <Filter>Source Files</Filter>
    </ClCompile>
    <ClCompile Include="MachOptions.cpp">
      <Filter>Source Files</Filter>
    </ClCompile>
    <ClCompile Include="PowerCapabilities.cpp">
      <Filter>Source Files</Filter>
    </ClCompile>
    <ClCompile Include="Speed.cpp">
      <Filter>Source Files</Filter>
    </ClCompile>
    <ClCompile Include="speedswitch.cpp">
      <Filter>Source Files</Filter>
    </ClCompile>
    <ClCompile Include="SpeedswitchXP.cpp">
      <Filter>Source Files</Filter>
    </ClCompile>
    <ClCompile Include="SpeedswitchXPDlg.cpp">
      <Filter>Source Files</Filter>
    </ClCompile>
    <ClCompile Include="SpeedswitchXPOptions.cpp">
      <Filter>Source Files</Filter>
    </ClCompile>
    <ClCompile Include="stdafx.cpp">
      <Filter>Source Files</Filter>
    </ClCompile>
    <ClCompile Include="SystemInfo.cpp">
      <Filter>Source Files</Filter>
    </ClCompile>
    <ClCompile Include="TOptions.cpp">
      <Filter>Source Files</Filter>
    </ClCompile>
    <ClCompile Include="TrayIconManager.cpp">
      <Filter>Source Files</Filter>
    </ClCompile>
    <ClCompile Include="UserOptions.cpp">
      <Filter>Source Files</Filter>
    </ClCompile>
  </ItemGroup>
  <ItemGroup>
    <ClInclude Include="ColorComboEx.h">
      <Filter>Header Files</Filter>
    </ClInclude>
    <ClInclude Include="CPUData.h">
      <Filter>Header Files</Filter>
    </ClInclude>
    <ClInclude Include="Cpuid.h">
      <Filter>Header Files</Filter>
    </ClInclude>
    <ClInclude Include="CPUOptions.h">
      <Filter>Header Files</Filter>
    </ClInclude>
    <ClInclude Include="CPUSpeed.h">
      <Filter>Header Files</Filter>
    </ClInclude>
    <ClInclude Include="GeneralOptions.h">
      <Filter>Header Files</Filter>
    </ClInclude>
    <ClInclude Include="HTSpeed.h">
      <Filter>Header Files</Filter>
    </ClInclude>
    <ClInclude Include="HyperLink.h">
      <Filter>Header Files</Filter>
    </ClInclude>
    <ClInclude Include="MachOptions.h">
      <Filter>Header Files</Filter>
    </ClInclude>
    <ClInclude Include="PowerCapabilities.h">
      <Filter>Header Files</Filter>
    </ClInclude>
    <ClInclude Include="Resource.h">
      <Filter>Header Files</Filter>
    </ClInclude>
    <ClInclude Include="Speed.h">
      <Filter>Header Files</Filter>
    </ClInclude>
    <ClInclude Include="speedswitch.h">
      <Filter>Header Files</Filter>
    </ClInclude>
    <ClInclude Include="SpeedswitchXP.h">
      <Filter>Header Files</Filter>
    </ClInclude>
    <ClInclude Include="SpeedswitchXPDlg.h">
      <Filter>Header Files</Filter>
    </ClInclude>
    <ClInclude Include="SpeedswitchXPOptions.h">
      <Filter>Header Files</Filter>
    </ClInclude>
    <ClInclude Include="stdafx.h">
      <Filter>Header Files</Filter>
    </ClInclude>
    <ClInclude Include="SystemInfo.h">
      <Filter>Header Files</Filter>
    </ClInclude>
    <ClInclude Include="TOptions.h">
      <Filter>Header Files</Filter>
    </ClInclude>
    <ClInclude Include="TrayIconManager.h">
      <Filter>Header Files</Filter>
    </ClInclude>
    <ClInclude Include="UserOptions.h">
      <Filter>Header Files</Filter>
    </ClInclude>
  </ItemGroup>
  <ItemGroup>
    <None Include="res\battcharge.ico">
      <Filter>Resource Files</Filter>
    </None>
    <None Include="res\batticon.ico">
      <Filter>Resource Files</Filter>
    </None>
    <None Include="res\battopt.ico">
      <Filter>Resource Files</Filter>
    </None>
    <None Include="res\dynamic.ico">
      <Filter>Resource Files</Filter>
    </None>
    <None Include="res\maxbatt.ico">
      <Filter>Resource Files</Filter>
    </None>
    <None Include="res\maxperf.ico">
      <Filter>Resource Files</Filter>
    </None>
    <None Include="res\SpeedswitchXP.rc2">
      <Filter>Resource Files</Filter>
    </None>
  </ItemGroup>
  <ItemGroup>
    <Manifest Include="res\SpeedswitchXP.manifest">
      <Filter>Resource Files</Filter>
    </Manifest>
  </ItemGroup>
  <ItemGroup>
    <ResourceCompile Include="SpeedswitchXP.rc">
      <Filter>Resource Files</Filter>
    </ResourceCompile>
  </ItemGroup>
</Project>